{
  "name": "richard_optimizer_unlocked",
  "version": "1.0.0",
  "lockfileVersion": 1,
  "requires": true,
  "dependencies": {
    "jsmvc": {
      "version": "github:JamesRobertHugginsNgo/jsmvc#0fe84b3aff7707126d315606b8fd5c91d0cd2d8d",
      "from": "github:JamesRobertHugginsNgo/jsmvc#2.0.2"
    }
  }
}
